
Microsoft Visual Studio Solution File, Format Version 12.00
# Visual Studio Version 17
VisualStudioVersion = 17.10.35013.160
MinimumVisualStudioVersion = 10.0.40219.1
Project("{FAE04EC0-301F-11D3-BF4B-00C04F79EFBC}") = "PatikaWeek5PracticeClosure", "PatikaWeek5PracticeClosure\PatikaWeek5PracticeClosure.csproj", "{37F591CA-EA48-43FF-983F-4C8ACF6E0A76}"
EndProject
Global
	GlobalSection(SolutionConfigurationPlatforms) = preSolution
		Debug|Any CPU = Debug|Any CPU
		Release|Any CPU = Release|Any CPU
	EndGlobalSection
	GlobalSection(ProjectConfigurationPlatforms) = postSolution
		{37F591CA-EA48-43FF-983F-4C8ACF6E0A76}.Debug|Any CPU.ActiveCfg = Debug|Any CPU
		{37F591CA-EA48-43FF-983F-4C8ACF6E0A76}.Debug|Any CPU.Build.0 = Debug|Any CPU
		{37F591CA-EA48-43FF-983F-4C8ACF6E0A76}.Release|Any CPU.ActiveCfg = Release|Any CPU
		{37F591CA-EA48-43FF-983F-4C8ACF6E0A76}.Release|Any CPU.Build.0 = Release|Any CPU
	EndGlobalSection
	GlobalSection(SolutionProperties) = preSolution
		HideSolutionNode = FALSE
	EndGlobalSection
	GlobalSection(ExtensibilityGlobals) = postSolution
		SolutionGuid = {AF371A02-3D33-4B5C-A652-2A8890555796}
	EndGlobalSection
EndGlobal
